// !$*UTF8*$!
{
	archiveVersion = 1;
	classes = {
	};
	objectVersion = 56;
	objects = {

/* Begin PBXBuildFile section */
		5681EEEE293491CD00AF8DFB /* AppDelegate.swift in Sources */ = {isa = PBXBuildFile; fileRef = 5681EEED293491CD00AF8DFB /* AppDelegate.swift */; };
		5681EEF0293491CD00AF8DFB /* ViewController.swift in Sources */ = {isa = PBXBuildFile; fileRef = 5681EEEF293491CD00AF8DFB /* ViewController.swift */; };
		5681EEF2293491CF00AF8DFB /* Assets.xcassets in Resources */ = {isa = PBXBuildFile; fileRef = 5681EEF1293491CF00AF8DFB /* Assets.xcassets */; };
		5681EEF5293491CF00AF8DFB /* Main.storyboard in Resources */ = {isa = PBXBuildFile; fileRef = 5681EEF3293491CF00AF8DFB /* Main.storyboard */; };
		5681EF052934920000AF8DFB /* ContentViewController.swift in Sources */ = {isa = PBXBuildFile; fileRef = 5681EEFC293491FD00AF8DFB /* ContentViewController.swift */; };
		5681EF062934920000AF8DFB /* LoremSwiftum.swift in Sources */ = {isa = PBXBuildFile; fileRef = 5681EEFD293491FD00AF8DFB /* LoremSwiftum.swift */; };
		5681EF072934920000AF8DFB /* TestContent.swift in Sources */ = {isa = PBXBuildFile; fileRef = 5681EEFE293491FE00AF8DFB /* TestContent.swift */; };
		5681EF082934920000AF8DFB /* UISourceOfTruth.swift in Sources */ = {isa = PBXBuildFile; fileRef = 5681EEFF293491FE00AF8DFB /* UISourceOfTruth.swift */; };
		5681EF092934920000AF8DFB /* MainSplitViewController.swift in Sources */ = {isa = PBXBuildFile; fileRef = 5681EF00293491FE00AF8DFB /* MainSplitViewController.swift */; };
		5681EF0A2934920000AF8DFB /* SideBarViewController.swift in Sources */ = {isa = PBXBuildFile; fileRef = 5681EF01293491FE00AF8DFB /* SideBarViewController.swift */; };
		5681EF0B2934920000AF8DFB /* SideBarTableCellView.xib in Resources */ = {isa = PBXBuildFile; fileRef = 5681EF02293491FF00AF8DFB /* SideBarTableCellView.xib */; };
		5681EF0C2934920000AF8DFB /* SideBarTableCellView.swift in Sources */ = {isa = PBXBuildFile; fileRef = 5681EF03293491FF00AF8DFB /* SideBarTableCellView.swift */; };
		5681EF0D2934920000AF8DFB /* ContentController.swift in Sources */ = {isa = PBXBuildFile; fileRef = 5681EF04293491FF00AF8DFB /* ContentController.swift */; };
		56C10EAE2934929700A4252B /* Images in Resources */ = {isa = PBXBuildFile; fileRef = 56C10EAD2934929700A4252B /* Images */; };
		56C10EB02934929E00A4252B /* README.md in Resources */ = {isa = PBXBuildFile; fileRef = 56C10EAF2934929E00A4252B /* README.md */; };
/* End PBXBuildFile section */

/* Begin PBXFileReference section */
		5681EEEA293491CD00AF8DFB /* SimpleUI.app */ = {isa = PBXFileReference; explicitFileType = wrapper.application; includeInIndex = 0; path = SimpleUI.app; sourceTree = BUILT_PRODUCTS_DIR; };
		5681EEED293491CD00AF8DFB /* AppDelegate.swift */ = {isa = PBXFileReference; lastKnownFileType = sourcecode.swift; path = AppDelegate.swift; sourceTree = "<group>"; };
		5681EEEF293491CD00AF8DFB /* ViewController.swift */ = {isa = PBXFileReference; lastKnownFileType = sourcecode.swift; path = ViewController.swift; sourceTree = "<group>"; };
		5681EEF1293491CF00AF8DFB /* Assets.xcassets */ = {isa = PBXFileReference; lastKnownFileType = folder.assetcatalog; path = Assets.xcassets; sourceTree = "<group>"; };
		5681EEF4293491CF00AF8DFB /* Base */ = {isa = PBXFileReference; lastKnownFileType = file.storyboard; name = Base; path = Base.lproj/Main.storyboard; sourceTree = "<group>"; };
		5681EEF6293491CF00AF8DFB /* SimpleUI.entitlements */ = {isa = PBXFileReference; lastKnownFileType = text.plist.entitlements; path = SimpleUI.entitlements; sourceTree = "<group>"; };
		5681EEFC293491FD00AF8DFB /* ContentViewController.swift */ = {isa = PBXFileReference; fileEncoding = 4; lastKnownFileType = sourcecode.swift; path = ContentViewController.swift; sourceTree = "<group>"; };
		5681EEFD293491FD00AF8DFB /* LoremSwiftum.swift */ = {isa = PBXFileReference; fileEncoding = 4; lastKnownFileType = sourcecode.swift; path = LoremSwiftum.swift; sourceTree = "<group>"; };
		5681EEFE293491FE00AF8DFB /* TestContent.swift */ = {isa = PBXFileReference; fileEncoding = 4; lastKnownFileType = sourcecode.swift; path = TestContent.swift; sourceTree = "<group>"; };
		5681EEFF293491FE00AF8DFB /* UISourceOfTruth.swift */ = {isa = PBXFileReference; fileEncoding = 4; lastKnownFileType = sourcecode.swift; path = UISourceOfTruth.swift; sourceTree = "<group>"; };
		5681EF00293491FE00AF8DFB /* MainSplitViewController.swift */ = {isa = PBXFileReference; fileEncoding = 4; lastKnownFileType = sourcecode.swift; path = MainSplitViewController.swift; sourceTree = "<group>"; };
		5681EF01293491FE00AF8DFB /* SideBarViewController.swift */ = {isa = PBXFileReference; fileEncoding = 4; lastKnownFileType = sourcecode.swift; path = SideBarViewController.swift; sourceTree = "<group>"; };
		5681EF02293491FF00AF8DFB /* SideBarTableCellView.xib */ = {isa = PBXFileReference; fileEncoding = 4; lastKnownFileType = file.xib; path = SideBarTableCellView.xib; sourceTree = "<group>"; };
		5681EF03293491FF00AF8DFB /* SideBarTableCellView.swift */ = {isa = PBXFileReference; fileEncoding = 4; lastKnownFileType = sourcecode.swift; path = SideBarTableCellView.swift; sourceTree = "<group>"; };
		5681EF04293491FF00AF8DFB /* ContentController.swift */ = {isa = PBXFileReference; fileEncoding = 4; lastKnownFileType = sourcecode.swift; path = ContentController.swift; sourceTree = "<group>"; };
		56C10EAD2934929700A4252B /* Images */ = {isa = PBXFileReference; lastKnownFileType = folder; path = Images; sourceTree = "<group>"; };
		56C10EAF2934929E00A4252B /* README.md */ = {isa = PBXFileReference; fileEncoding = 4; lastKnownFileType = net.daringfireball.markdown; path = README.md; sourceTree = "<group>"; };
/* End PBXFileReference section */

/* Begin PBXFrameworksBuildPhase section */
		5681EEE7293491CD00AF8DFB /* Frameworks */ = {
			isa = PBXFrameworksBuildPhase;
			buildActionMask = 2147483647;
			files = (
			);
			runOnlyForDeploymentPostprocessing = 0;
		};
/* End PBXFrameworksBuildPhase section */

/* Begin PBXGroup section */
		5681EEE1293491CD00AF8DFB = {
			isa = PBXGroup;
			children = (
				56C10EAF2934929E00A4252B /* README.md */,
				56C10EAD2934929700A4252B /* Images */,
				5681EEEC293491CD00AF8DFB /* SimpleUI */,
				5681EEEB293491CD00AF8DFB /* Products */,
			);
			sourceTree = "<group>";
		};
		5681EEEB293491CD00AF8DFB /* Products */ = {
			isa = PBXGroup;
			children = (
				5681EEEA293491CD00AF8DFB /* SimpleUI.app */,
			);
			name = Products;
			sourceTree = "<group>";
		};
		5681EEEC293491CD00AF8DFB /* SimpleUI */ = {
			isa = PBXGroup;
			children = (
				5681EF04293491FF00AF8DFB /* ContentController.swift */,
				5681EEFC293491FD00AF8DFB /* ContentViewController.swift */,
				5681EEFD293491FD00AF8DFB /* LoremSwiftum.swift */,
				5681EF00293491FE00AF8DFB /* MainSplitViewController.swift */,
				5681EF03293491FF00AF8DFB /* SideBarTableCellView.swift */,
				5681EF02293491FF00AF8DFB /* SideBarTableCellView.xib */,
				5681EF01293491FE00AF8DFB /* SideBarViewController.swift */,
				5681EEFE293491FE00AF8DFB /* TestContent.swift */,
				5681EEFF293491FE00AF8DFB /* UISourceOfTruth.swift */,
				5681EEED293491CD00AF8DFB /* AppDelegate.swift */,
				5681EEEF293491CD00AF8DFB /* ViewController.swift */,
				5681EEF1293491CF00AF8DFB /* Assets.xcassets */,
				5681EEF3293491CF00AF8DFB /* Main.storyboard */,
				5681EEF6293491CF00AF8DFB /* SimpleUI.entitlements */,
			);
			path = SimpleUI;
			sourceTree = "<group>";
		};
/* End PBXGroup section */

/* Begin PBXNativeTarget section */
		5681EEE9293491CD00AF8DFB /* SimpleUI */ = {
			isa = PBXNativeTarget;
			buildConfigurationList = 5681EEF9293491CF00AF8DFB /* Build configuration list for PBXNativeTarget "SimpleUI" */;
			buildPhases = (
				5681EEE6293491CD00AF8DFB /* Sources */,
				5681EEE7293491CD00AF8DFB /* Frameworks */,
				5681EEE8293491CD00AF8DFB /* Resources */,
			);
			buildRules = (
			);
			dependencies = (
			);
			name = SimpleUI;
			productName = SimpleUI;
			productReference = 5681EEEA293491CD00AF8DFB /* SimpleUI.app */;
			productType = "com.apple.product-type.application";
		};
/* End PBXNativeTarget section */

/* Begin PBXProject section */
		5681EEE2293491CD00AF8DFB /* Project object */ = {
			isa = PBXProject;
			attributes = {
				BuildIndependentTargetsInParallel = 1;
				LastSwiftUpdateCheck = 1410;
				LastUpgradeCheck = 1410;
				TargetAttributes = {
					5681EEE9293491CD00AF8DFB = {
						CreatedOnToolsVersion = 14.1;
					};
				};
			};
			buildConfigurationList = 5681EEE5293491CD00AF8DFB /* Build configuration list for PBXProject "SimpleUI" */;
			compatibilityVersion = "Xcode 14.0";
			developmentRegion = en;
			hasScannedForEncodings = 0;
			knownRegions = (
				en,
				Base,
			);
			mainGroup = 5681EEE1293491CD00AF8DFB;
			productRefGroup = 5681EEEB293491CD00AF8DFB /* Products */;
			projectDirPath = "";
			projectRoot = "";
			targets = (
				5681EEE9293491CD00AF8DFB /* SimpleUI */,
			);
		};
/* End PBXProject section */

/* Begin PBXResourcesBuildPhase section */
		5681EEE8293491CD00AF8DFB /* Resources */ = {
			isa = PBXResourcesBuildPhase;
			buildActionMask = 2147483647;
			files = (
				56C10EAE2934929700A4252B /* Images in Resources */,
				5681EF0B2934920000AF8DFB /* SideBarTableCellView.xib in Resources */,
				56C10EB02934929E00A4252B /* README.md in Resources */,
				5681EEF2293491CF00AF8DFB /* Assets.xcassets in Resources */,
				5681EEF5293491CF00AF8DFB /* Main.storyboard in Resources */,
			);
			runOnlyForDeploymentPostprocessing = 0;
		};
/* End PBXResourcesBuildPhase section */

/* Begin PBXSourcesBuildPhase section */
		5681EEE6293491CD00AF8DFB /* Sources */ = {
			isa = PBXSourcesBuildPhase;
			buildActionMask = 2147483647;
			files = (
				5681EF0C2934920000AF8DFB /* SideBarTableCellView.swift in Sources */,
				5681EEF0293491CD00AF8DFB /* ViewController.swift in Sources */,
				5681EF082934920000AF8DFB /* UISourceOfTruth.swift in Sources */,
				5681EF0D2934920000AF8DFB /* ContentController.swift in Sources */,
				5681EF052934920000AF8DFB /* ContentViewController.swift in Sources */,
				5681EF092934920000AF8DFB /* MainSplitViewController.swift in Sources */,
				5681EEEE293491CD00AF8DFB /* AppDelegate.swift in Sources */,
				5681EF072934920000AF8DFB /* TestContent.swift in Sources */,
				5681EF062934920000AF8DFB /* LoremSwiftum.swift in Sources */,
				5681EF0A2934920000AF8DFB /* SideBarViewController.swift in Sources */,
			);
			runOnlyForDeploymentPostprocessing = 0;
		};
/* End PBXSourcesBuildPhase section */

/* Begin PBXVariantGroup section */
		5681EEF3293491CF00AF8DFB /* Main.storyboard */ = {
			isa = PBXVariantGroup;
			children = (
				5681EEF4293491CF00AF8DFB /* Base */,
			);
			name = Main.storyboard;
			sourceTree = "<group>";
		};
/* End PBXVariantGroup section */

/* Begin XCBuildConfiguration section */
		5681EEF7293491CF00AF8DFB /* Debug */ = {
			isa = XCBuildConfiguration;
			buildSettings = {
				ALWAYS_SEARCH_USER_PATHS = NO;
				CLANG_ANALYZER_NONNULL = YES;
				CLANG_ANALYZER_NUMBER_OBJECT_CONVERSION = YES_AGGRESSIVE;
				CLANG_CXX_LANGUAGE_STANDARD = "gnu++20";
				CLANG_ENABLE_MODULES = YES;
				CLANG_ENABLE_OBJC_ARC = YES;
				CLANG_ENABLE_OBJC_WEAK = YES;
				CLANG_WARN_BLOCK_CAPTURE_AUTORELEASING = YES;
				CLANG_WARN_BOOL_CONVERSION = YES;
				CLANG_WARN_COMMA = YES;
				CLANG_WARN_CONSTANT_CONVERSION = YES;
				CLANG_WARN_DEPRECATED_OBJC_IMPLEMENTATIONS = YES;
				CLANG_WARN_DIRECT_OBJC_ISA_USAGE = YES_ERROR;
				CLANG_WARN_DOCUMENTATION_COMMENTS = YES;
				CLANG_WARN_EMPTY_BODY = YES;
				CLANG_WARN_ENUM_CONVERSION = YES;
				CLANG_WARN_INFINITE_RECURSION = YES;
				CLANG_WARN_INT_CONVERSION = YES;
				CLANG_WARN_NON_LITERAL_NULL_CONVERSION = YES;
				CLANG_WARN_OBJC_IMPLICIT_RETAIN_SELF = YES;
				CLANG_WARN_OBJC_LITERAL_CONVERSION = YES;
				CLANG_WARN_OBJC_ROOT_CLASS = YES_ERROR;
				CLANG_WARN_QUOTED_INCLUDE_IN_FRAMEWORK_HEADER = YES;
				CLANG_WARN_RANGE_LOOP_ANALYSIS = YES;
				CLANG_WARN_STRICT_PROTOTYPES = YES;
				CLANG_WARN_SUSPICIOUS_MOVE = YES;
				CLANG_WARN_UNGUARDED_AVAILABILITY = YES_AGGRESSIVE;
				CLANG_WARN_UNREACHABLE_CODE = YES;
				CLANG_WARN__DUPLICATE_METHOD_MATCH = YES;
				COPY_PHASE_STRIP = NO;
				DEBUG_INFORMATION_FORMAT = dwarf;
				ENABLE_STRICT_OBJC_MSGSEND = YES;
				ENABLE_TESTABILITY = YES;
				GCC_C_LANGUAGE_STANDARD = gnu11;
				GCC_DYNAMIC_NO_PIC = NO;
				GCC_NO_COMMON_BLOCKS = YES;
				GCC_OPTIMIZATION_LEVEL = 0;
				GCC_PREPROCESSOR_DEFINITIONS = (
					"DEBUG=1",
					"$(inherited)",
				);
				GCC_WARN_64_TO_32_BIT_CONVERSION = YES;
				GCC_WARN_ABOUT_RETURN_TYPE = YES_ERROR;
				GCC_WARN_UNDECLARED_SELECTOR = YES;
				GCC_WARN_UNINITIALIZED_AUTOS = YES_AGGRESSIVE;
				GCC_WARN_UNUSED_FUNCTION = YES;
				GCC_WARN_UNUSED_VARIABLE = YES;
				MACOSX_DEPLOYMENT_TARGET = 13.0;
				MTL_ENABLE_DEBUG_INFO = INCLUDE_SOURCE;
				MTL_FAST_MATH = YES;
				ONLY_ACTIVE_ARCH = YES;
				SDKROOT = macosx;
				SWIFT_ACTIVE_COMPILATION_CONDITIONS = DEBUG;
				SWIFT_OPTIMIZATION_LEVEL = "-Onone";
			};
			name = Debug;
		};
		5681EEF8293491CF00AF8DFB /* Release */ = {
			isa = XCBuildConfiguration;
			buildSettings = {
				ALWAYS_SEARCH_USER_PATHS = NO;
				CLANG_ANALYZER_NONNULL = YES;
				CLANG_ANALYZER_NUMBER_OBJECT_CONVERSION = YES_AGGRESSIVE;
				CLANG_CXX_LANGUAGE_STANDARD = "gnu++20";
				CLANG_ENABLE_MODULES = YES;
				CLANG_ENABLE_OBJC_ARC = YES;
				CLANG_ENABLE_OBJC_WEAK = YES;
				CLANG_WARN_BLOCK_CAPTURE_AUTORELEASING = YES;
				CLANG_WARN_BOOL_CONVERSION = YES;
				CLANG_WARN_COMMA = YES;
				CLANG_WARN_CONSTANT_CONVERSION = YES;
				CLANG_WARN_DEPRECATED_OBJC_IMPLEMENTATIONS = YES;
				CLANG_WARN_DIRECT_OBJC_ISA_USAGE = YES_ERROR;
				CLANG_WARN_DOCUMENTATION_COMMENTS = YES;
				CLANG_WARN_EMPTY_BODY = YES;
				CLANG_WARN_ENUM_CONVERSION = YES;
				CLANG_WARN_INFINITE_RECURSION = YES;
				CLANG_WARN_INT_CONVERSION = YES;
				CLANG_WARN_NON_LITERAL_NULL_CONVERSION = YES;
				CLANG_WARN_OBJC_IMPLICIT_RETAIN_SELF = YES;
				CLANG_WARN_OBJC_LITERAL_CONVERSION = YES;
				CLANG_WARN_OBJC_ROOT_CLASS = YES_ERROR;
				CLANG_WARN_QUOTED_INCLUDE_IN_FRAMEWORK_HEADER = YES;
				CLANG_WARN_RANGE_LOOP_ANALYSIS = YES;
				CLANG_WARN_STRICT_PROTOTYPES = YES;
				CLANG_WARN_SUSPICIOUS_MOVE = YES;
				CLANG_WARN_UNGUARDED_AVAILABILITY = YES_AGGRESSIVE;
				CLANG_WARN_UNREACHABLE_CODE = YES;
				CLANG_WARN__DUPLICATE_METHOD_MATCH = YES;
				COPY_PHASE_STRIP = NO;
				DEBUG_INFORMATION_FORMAT = "dwarf-with-dsym";
				ENABLE_NS_ASSERTIONS = NO;
				ENABLE_STRICT_OBJC_MSGSEND = YES;
				GCC_C_LANGUAGE_STANDARD = gnu11;
				GCC_NO_COMMON_BLOCKS = YES;
				GCC_WARN_64_TO_32_BIT_CONVERSION = YES;
				GCC_WARN_ABOUT_RETURN_TYPE = YES_ERROR;
				GCC_WARN_UNDECLARED_SELECTOR = YES;
				GCC_WARN_UNINITIALIZED_AUTOS = YES_AGGRESSIVE;
				GCC_WARN_UNUSED_FUNCTION = YES;
				GCC_WARN_UNUSED_VARIABLE = YES;
				MACOSX_DEPLOYMENT_TARGET = 13.0;
				MTL_ENABLE_DEBUG_INFO = NO;
				MTL_FAST_MATH = YES;
				SDKROOT = macosx;
				SWIFT_COMPILATION_MODE = wholemodule;
				SWIFT_OPTIMIZATION_LEVEL = "-O";
			};
			name = Release;
		};
		5681EEFA293491CF00AF8DFB /* Debug */ = {
			isa = XCBuildConfiguration;
			buildSettings = {
				ASSETCATALOG_COMPILER_APPICON_NAME = AppIcon;
				ASSETCATALOG_COMPILER_GLOBAL_ACCENT_COLOR_NAME = AccentColor;
				CODE_SIGN_ENTITLEMENTS = SimpleUI/SimpleUI.entitlements;
				CODE_SIGN_STYLE = Automatic;
				COMBINE_HIDPI_IMAGES = YES;
				CURRENT_PROJECT_VERSION = 1;
				DEVELOPMENT_TEAM = 5JFWLWUP6D;
				ENABLE_HARDENED_RUNTIME = YES;
				GENERATE_INFOPLIST_FILE = YES;
				INFOPLIST_KEY_NSHumanReadableCopyright = "";
				INFOPLIST_KEY_NSMainStoryboardFile = Main;
				INFOPLIST_KEY_NSPrincipalClass = NSApplication;
				LD_RUNPATH_SEARCH_PATHS = (
					"$(inherited)",
					"@executable_path/../Frameworks",
				);
				MARKETING_VERSION = 1.0;
				PRODUCT_BUNDLE_IDENTIFIER = com.massanti.SimpleUI;
				PRODUCT_NAME = "$(TARGET_NAME)";
				SWIFT_EMIT_LOC_STRINGS = YES;
				SWIFT_VERSION = 5.0;
			};
			name = Debug;
		};
		5681EEFB293491CF00AF8DFB /* Release */ = {
			isa = XCBuildConfiguration;
			buildSettings = {
				ASSETCATALOG_COMPILER_APPICON_NAME = AppIcon;
				ASSETCATALOG_COMPILER_GLOBAL_ACCENT_COLOR_NAME = AccentColor;
				CODE_SIGN_ENTITLEMENTS = SimpleUI/SimpleUI.entitlements;
				CODE_SIGN_STYLE = Automatic;
				COMBINE_HIDPI_IMAGES = YES;
				CURRENT_PROJECT_VERSION = 1;
				DEVELOPMENT_TEAM = 5JFWLWUP6D;
				ENABLE_HARDENED_RUNTIME = YES;
				GENERATE_INFOPLIST_FILE = YES;
				INFOPLIST_KEY_NSHumanReadableCopyright = "";
				INFOPLIST_KEY_NSMainStoryboardFile = Main;
				INFOPLIST_KEY_NSPrincipalClass = NSApplication;
				LD_RUNPATH_SEARCH_PATHS = (
					"$(inherited)",
					"@executable_path/../Frameworks",
				);
				MARKETING_VERSION = 1.0;
				PRODUCT_BUNDLE_IDENTIFIER = com.massanti.SimpleUI;
				PRODUCT_NAME = "$(TARGET_NAME)";
				SWIFT_EMIT_LOC_STRINGS = YES;
				SWIFT_VERSION = 5.0;
			};
			name = Release;
		};
/* End XCBuildConfiguration section */

/* Begin XCConfigurationList section */
		5681EEE5293491CD00AF8DFB /* Build configuration list for PBXProject "SimpleUI" */ = {
			isa = XCConfigurationList;
			buildConfigurations = (
				5681EEF7293491CF00AF8DFB /* Debug */,
				5681EEF8293491CF00AF8DFB /* Release */,
			);
			defaultConfigurationIsVisible = 0;
			defaultConfigurationName = Release;
		};
		5681EEF9293491CF00AF8DFB /* Build configuration list for PBXNativeTarget "SimpleUI" */ = {
			isa = XCConfigurationList;
			buildConfigurations = (
				5681EEFA293491CF00AF8DFB /* Debug */,
				5681EEFB293491CF00AF8DFB /* Release */,
			);
			defaultConfigurationIsVisible = 0;
			defaultConfigurationName = Release;
		};
/* End XCConfigurationList section */
	};
	rootObject = 5681EEE2293491CD00AF8DFB /* Project object */;
}
